
Microsoft Visual Studio Solution File, Format Version 12.00
# Visual Studio Version 16
VisualStudioVersion = 16.0.31624.102
MinimumVisualStudioVersion = 10.0.40219.1
Project("{FAE04EC0-301F-11D3-BF4B-00C04F79EFBC}") = "DAM2_PSP_P0Git", "DAM2_PSP_P0Git\DAM2_PSP_P0Git.csproj", "{C07A9DA6-A913-41AC-B544-EB299666C1B3}"
EndProject
Global
	GlobalSection(SolutionConfigurationPlatforms) = preSolution
		Debug|Any CPU = Debug|Any CPU
		Release|Any CPU = Release|Any CPU
	EndGlobalSection
	GlobalSection(ProjectConfigurationPlatforms) = postSolution
		{C07A9DA6-A913-41AC-B544-EB299666C1B3}.Debug|Any CPU.ActiveCfg = Debug|Any CPU
		{C07A9DA6-A913-41AC-B544-EB299666C1B3}.Debug|Any CPU.Build.0 = Debug|Any CPU
		{C07A9DA6-A913-41AC-B544-EB299666C1B3}.Release|Any CPU.ActiveCfg = Release|Any CPU
		{C07A9DA6-A913-41AC-B544-EB299666C1B3}.Release|Any CPU.Build.0 = Release|Any CPU
	EndGlobalSection
	GlobalSection(SolutionProperties) = preSolution
		HideSolutionNode = FALSE
	EndGlobalSection
	GlobalSection(ExtensibilityGlobals) = postSolution
		SolutionGuid = {7CC3EE59-69C7-4611-B075-63638E84169E}
	EndGlobalSection
EndGlobal
